// !$*UTF8*$!
{
	archiveVersion = 1;
	classes = {
	};
	objectVersion = 46;
	objects = {

/* Begin PBXBuildFile section */
		FFBB7A8F182266BF00EB5AF2 /* Foundation.framework in Frameworks */ = {isa = PBXBuildFile; fileRef = FFBB7A8E182266BF00EB5AF2 /* Foundation.framework */; };
		FFBB7A91182266BF00EB5AF2 /* CoreGraphics.framework in Frameworks */ = {isa = PBXBuildFile; fileRef = FFBB7A90182266BF00EB5AF2 /* CoreGraphics.framework */; };
		FFBB7A93182266BF00EB5AF2 /* UIKit.framework in Frameworks */ = {isa = PBXBuildFile; fileRef = FFBB7A92182266BF00EB5AF2 /* UIKit.framework */; };
		FFBB7A95182266BF00EB5AF2 /* CoreData.framework in Frameworks */ = {isa = PBXBuildFile; fileRef = FFBB7A94182266BF00EB5AF2 /* CoreData.framework */; };
		FFBB7A9B182266BF00EB5AF2 /* InfoPlist.strings in Resources */ = {isa = PBXBuildFile; fileRef = FFBB7A99182266BF00EB5AF2 /* InfoPlist.strings */; };
		FFBB7A9D182266BF00EB5AF2 /* main.m in Sources */ = {isa = PBXBuildFile; fileRef = FFBB7A9C182266BF00EB5AF2 /* main.m */; };
		FFBB7AA1182266BF00EB5AF2 /* AppDelegate.m in Sources */ = {isa = PBXBuildFile; fileRef = FFBB7AA0182266BF00EB5AF2 /* AppDelegate.m */; };
		FFBB7AA4182266BF00EB5AF2 /* CoursesManager.xcdatamodeld in Sources */ = {isa = PBXBuildFile; fileRef = FFBB7AA2182266BF00EB5AF2 /* CoursesManager.xcdatamodeld */; };
		FFBB7AA6182266C000EB5AF2 /* Images.xcassets in Resources */ = {isa = PBXBuildFile; fileRef = FFBB7AA5182266C000EB5AF2 /* Images.xcassets */; };
		FFBB7AAD182266C000EB5AF2 /* XCTest.framework in Frameworks */ = {isa = PBXBuildFile; fileRef = FFBB7AAC182266C000EB5AF2 /* XCTest.framework */; };
		FFBB7AAE182266C000EB5AF2 /* Foundation.framework in Frameworks */ = {isa = PBXBuildFile; fileRef = FFBB7A8E182266BF00EB5AF2 /* Foundation.framework */; };
		FFBB7AAF182266C000EB5AF2 /* UIKit.framework in Frameworks */ = {isa = PBXBuildFile; fileRef = FFBB7A92182266BF00EB5AF2 /* UIKit.framework */; };
		FFBB7AB0182266C000EB5AF2 /* CoreData.framework in Frameworks */ = {isa = PBXBuildFile; fileRef = FFBB7A94182266BF00EB5AF2 /* CoreData.framework */; };
		FFBB7AB8182266C000EB5AF2 /* InfoPlist.strings in Resources */ = {isa = PBXBuildFile; fileRef = FFBB7AB6182266C000EB5AF2 /* InfoPlist.strings */; };
		FFBB7ABA182266C000EB5AF2 /* CoursesManagerTests.m in Sources */ = {isa = PBXBuildFile; fileRef = FFBB7AB9182266C000EB5AF2 /* CoursesManagerTests.m */; };
		FFBB7AC91822705300EB5AF2 /* Course.m in Sources */ = {isa = PBXBuildFile; fileRef = FFBB7AC81822705300EB5AF2 /* Course.m */; };
		FFBB7ACB1822708E00EB5AF2 /* MainStoryBoard.storyboard in Resources */ = {isa = PBXBuildFile; fileRef = FFBB7ACA1822708E00EB5AF2 /* MainStoryBoard.storyboard */; };
		FFBB7ACE1822768B00EB5AF2 /* CoursesTableViewController.m in Sources */ = {isa = PBXBuildFile; fileRef = FFBB7ACD1822768B00EB5AF2 /* CoursesTableViewController.m */; };
		FFBF067C1822909B0095F797 /* AddCourseViewController.m in Sources */ = {isa = PBXBuildFile; fileRef = FFBF067B1822909B0095F797 /* AddCourseViewController.m */; };
		FFBF06821822A0B50095F797 /* DisplayEditViewController.m in Sources */ = {isa = PBXBuildFile; fileRef = FFBF06811822A0B50095F797 /* DisplayEditViewController.m */; };
/* End PBXBuildFile section */

/* Begin PBXContainerItemProxy section */
		FFBB7AB1182266C000EB5AF2 /* PBXContainerItemProxy */ = {
			isa = PBXContainerItemProxy;
			containerPortal = FFBB7A83182266BF00EB5AF2 /* Project object */;
			proxyType = 1;
			remoteGlobalIDString = FFBB7A8A182266BF00EB5AF2;
			remoteInfo = CoursesManager;
		};
/* End PBXContainerItemProxy section */

/* Begin PBXFileReference section */
		FFBB7A8B182266BF00EB5AF2 /* CoursesManager.app */ = {isa = PBXFileReference; explicitFileType = wrapper.application; includeInIndex = 0; path = CoursesManager.app; sourceTree = BUILT_PRODUCTS_DIR; };
		FFBB7A8E182266BF00EB5AF2 /* Foundation.framework */ = {isa = PBXFileReference; lastKnownFileType = wrapper.framework; name = Foundation.framework; path = System/Library/Frameworks/Foundation.framework; sourceTree = SDKROOT; };
		FFBB7A90182266BF00EB5AF2 /* CoreGraphics.framework */ = {isa = PBXFileReference; lastKnownFileType = wrapper.framework; name = CoreGraphics.framework; path = System/Library/Frameworks/CoreGraphics.framework; sourceTree = SDKROOT; };
		FFBB7A92182266BF00EB5AF2 /* UIKit.framework */ = {isa = PBXFileReference; lastKnownFileType = wrapper.framework; name = UIKit.framework; path = System/Library/Frameworks/UIKit.framework; sourceTree = SDKROOT; };
		FFBB7A94182266BF00EB5AF2 /* CoreData.framework */ = {isa = PBXFileReference; lastKnownFileType = wrapper.framework; name = CoreData.framework; path = System/Library/Frameworks/CoreData.framework; sourceTree = SDKROOT; };
		FFBB7A98182266BF00EB5AF2 /* CoursesManager-Info.plist */ = {isa = PBXFileReference; lastKnownFileType = text.plist.xml; path = "CoursesManager-Info.plist"; sourceTree = "<group>"; };
		FFBB7A9A182266BF00EB5AF2 /* en */ = {isa = PBXFileReference; lastKnownFileType = text.plist.strings; name = en; path = en.lproj/InfoPlist.strings; sourceTree = "<group>"; };
		FFBB7A9C182266BF00EB5AF2 /* main.m */ = {isa = PBXFileReference; lastKnownFileType = sourcecode.c.objc; path = main.m; sourceTree = "<group>"; };
		FFBB7A9E182266BF00EB5AF2 /* CoursesManager-Prefix.pch */ = {isa = PBXFileReference; lastKnownFileType = sourcecode.c.h; path = "CoursesManager-Prefix.pch"; sourceTree = "<group>"; };
		FFBB7A9F182266BF00EB5AF2 /* AppDelegate.h */ = {isa = PBXFileReference; lastKnownFileType = sourcecode.c.h; path = AppDelegate.h; sourceTree = "<group>"; };
		FFBB7AA0182266BF00EB5AF2 /* AppDelegate.m */ = {isa = PBXFileReference; lastKnownFileType = sourcecode.c.objc; path = AppDelegate.m; sourceTree = "<group>"; };
		FFBB7AA3182266BF00EB5AF2 /* CoursesManager.xcdatamodel */ = {isa = PBXFileReference; lastKnownFileType = wrapper.xcdatamodel; path = CoursesManager.xcdatamodel; sourceTree = "<group>"; };
		FFBB7AA5182266C000EB5AF2 /* Images.xcassets */ = {isa = PBXFileReference; lastKnownFileType = folder.assetcatalog; path = Images.xcassets; sourceTree = "<group>"; };
		FFBB7AAB182266C000EB5AF2 /* CoursesManagerTests.xctest */ = {isa = PBXFileReference; explicitFileType = wrapper.cfbundle; includeInIndex = 0; path = CoursesManagerTests.xctest; sourceTree = BUILT_PRODUCTS_DIR; };
		FFBB7AAC182266C000EB5AF2 /* XCTest.framework */ = {isa = PBXFileReference; lastKnownFileType = wrapper.framework; name = XCTest.framework; path = Library/Frameworks/XCTest.framework; sourceTree = DEVELOPER_DIR; };
		FFBB7AB5182266C000EB5AF2 /* CoursesManagerTests-Info.plist */ = {isa = PBXFileReference; lastKnownFileType = text.plist.xml; path = "CoursesManagerTests-Info.plist"; sourceTree = "<group>"; };
		FFBB7AB7182266C000EB5AF2 /* en */ = {isa = PBXFileReference; lastKnownFileType = text.plist.strings; name = en; path = en.lproj/InfoPlist.strings; sourceTree = "<group>"; };
		FFBB7AB9182266C000EB5AF2 /* CoursesManagerTests.m */ = {isa = PBXFileReference; lastKnownFileType = sourcecode.c.objc; path = CoursesManagerTests.m; sourceTree = "<group>"; };
		FFBB7AC71822705300EB5AF2 /* Course.h */ = {isa = PBXFileReference; fileEncoding = 4; lastKnownFileType = sourcecode.c.h; path = Course.h; sourceTree = "<group>"; };
		FFBB7AC81822705300EB5AF2 /* Course.m */ = {isa = PBXFileReference; fileEncoding = 4; lastKnownFileType = sourcecode.c.objc; path = Course.m; sourceTree = "<group>"; };
		FFBB7ACA1822708E00EB5AF2 /* MainStoryBoard.storyboard */ = {isa = PBXFileReference; fileEncoding = 4; lastKnownFileType = file.storyboard; path = MainStoryBoard.storyboard; sourceTree = "<group>"; };
		FFBB7ACC1822768B00EB5AF2 /* CoursesTableViewController.h */ = {isa = PBXFileReference; fileEncoding = 4; lastKnownFileType = sourcecode.c.h; path = CoursesTableViewController.h; sourceTree = "<group>"; };
		FFBB7ACD1822768B00EB5AF2 /* CoursesTableViewController.m */ = {isa = PBXFileReference; fileEncoding = 4; lastKnownFileType = sourcecode.c.objc; path = CoursesTableViewController.m; sourceTree = "<group>"; };
		FFBF067A1822909B0095F797 /* AddCourseViewController.h */ = {isa = PBXFileReference; fileEncoding = 4; lastKnownFileType = sourcecode.c.h; path = AddCourseViewController.h; sourceTree = "<group>"; };
		FFBF067B1822909B0095F797 /* AddCourseViewController.m */ = {isa = PBXFileReference; fileEncoding = 4; lastKnownFileType = sourcecode.c.objc; path = AddCourseViewController.m; sourceTree = "<group>"; };
		FFBF06801822A0B50095F797 /* DisplayEditViewController.h */ = {isa = PBXFileReference; fileEncoding = 4; lastKnownFileType = sourcecode.c.h; path = DisplayEditViewController.h; sourceTree = "<group>"; };
		FFBF06811822A0B50095F797 /* DisplayEditViewController.m */ = {isa = PBXFileReference; fileEncoding = 4; lastKnownFileType = sourcecode.c.objc; path = DisplayEditViewController.m; sourceTree = "<group>"; };
/* End PBXFileReference section */

/* Begin PBXFrameworksBuildPhase section */
		FFBB7A88182266BF00EB5AF2 /* Frameworks */ = {
			isa = PBXFrameworksBuildPhase;
			buildActionMask = 2147483647;
			files = (
				FFBB7A91182266BF00EB5AF2 /* CoreGraphics.framework in Frameworks */,
				FFBB7A95182266BF00EB5AF2 /* CoreData.framework in Frameworks */,
				FFBB7A93182266BF00EB5AF2 /* UIKit.framework in Frameworks */,
				FFBB7A8F182266BF00EB5AF2 /* Foundation.framework in Frameworks */,
			);
			runOnlyForDeploymentPostprocessing = 0;
		};
		FFBB7AA8182266C000EB5AF2 /* Frameworks */ = {
			isa = PBXFrameworksBuildPhase;
			buildActionMask = 2147483647;
			files = (
				FFBB7AAD182266C000EB5AF2 /* XCTest.framework in Frameworks */,
				FFBB7AB0182266C000EB5AF2 /* CoreData.framework in Frameworks */,
				FFBB7AAF182266C000EB5AF2 /* UIKit.framework in Frameworks */,
				FFBB7AAE182266C000EB5AF2 /* Foundation.framework in Frameworks */,
			);
			runOnlyForDeploymentPostprocessing = 0;
		};
/* End PBXFrameworksBuildPhase section */

/* Begin PBXGroup section */
		FFBB7A82182266BE00EB5AF2 = {
			isa = PBXGroup;
			children = (
				FFBB7AC61822705300EB5AF2 /* Models */,
				FFBB7A96182266BF00EB5AF2 /* CoursesManager */,
				FFBB7AB3182266C000EB5AF2 /* CoursesManagerTests */,
				FFBB7A8D182266BF00EB5AF2 /* Frameworks */,
				FFBB7A8C182266BF00EB5AF2 /* Products */,
			);
			sourceTree = "<group>";
		};
		FFBB7A8C182266BF00EB5AF2 /* Products */ = {
			isa = PBXGroup;
			children = (
				FFBB7A8B182266BF00EB5AF2 /* CoursesManager.app */,
				FFBB7AAB182266C000EB5AF2 /* CoursesManagerTests.xctest */,
			);
			name = Products;
			sourceTree = "<group>";
		};
		FFBB7A8D182266BF00EB5AF2 /* Frameworks */ = {
			isa = PBXGroup;
			children = (
				FFBB7A8E182266BF00EB5AF2 /* Foundation.framework */,
				FFBB7A90182266BF00EB5AF2 /* CoreGraphics.framework */,
				FFBB7A92182266BF00EB5AF2 /* UIKit.framework */,
				FFBB7A94182266BF00EB5AF2 /* CoreData.framework */,
				FFBB7AAC182266C000EB5AF2 /* XCTest.framework */,
			);
			name = Frameworks;
			sourceTree = "<group>";
		};
		FFBB7A96182266BF00EB5AF2 /* CoursesManager */ = {
			isa = PBXGroup;
			children = (
				FFBB7ACC1822768B00EB5AF2 /* CoursesTableViewController.h */,
				FFBB7ACD1822768B00EB5AF2 /* CoursesTableViewController.m */,
				FFBB7ACA1822708E00EB5AF2 /* MainStoryBoard.storyboard */,
				FFBF06801822A0B50095F797 /* DisplayEditViewController.h */,
				FFBF06811822A0B50095F797 /* DisplayEditViewController.m */,
				FFBF067A1822909B0095F797 /* AddCourseViewController.h */,
				FFBF067B1822909B0095F797 /* AddCourseViewController.m */,
				FFBB7A9F182266BF00EB5AF2 /* AppDelegate.h */,
				FFBB7AA0182266BF00EB5AF2 /* AppDelegate.m */,
				FFBB7AA5182266C000EB5AF2 /* Images.xcassets */,
				FFBB7AA2182266BF00EB5AF2 /* CoursesManager.xcdatamodeld */,
				FFBB7A97182266BF00EB5AF2 /* Supporting Files */,
			);
			path = CoursesManager;
			sourceTree = "<group>";
		};
		FFBB7A97182266BF00EB5AF2 /* Supporting Files */ = {
			isa = PBXGroup;
			children = (
				FFBB7A98182266BF00EB5AF2 /* CoursesManager-Info.plist */,
				FFBB7A99182266BF00EB5AF2 /* InfoPlist.strings */,
				FFBB7A9C182266BF00EB5AF2 /* main.m */,
				FFBB7A9E182266BF00EB5AF2 /* CoursesManager-Prefix.pch */,
			);
			name = "Supporting Files";
			sourceTree = "<group>";
		};
		FFBB7AB3182266C000EB5AF2 /* CoursesManagerTests */ = {
			isa = PBXGroup;
			children = (
				FFBB7AB9182266C000EB5AF2 /* CoursesManagerTests.m */,
				FFBB7AB4182266C000EB5AF2 /* Supporting Files */,
			);
			path = CoursesManagerTests;
			sourceTree = "<group>";
		};
		FFBB7AB4182266C000EB5AF2 /* Supporting Files */ = {
			isa = PBXGroup;
			children = (
				FFBB7AB5182266C000EB5AF2 /* CoursesManagerTests-Info.plist */,
				FFBB7AB6182266C000EB5AF2 /* InfoPlist.strings */,
			);
			name = "Supporting Files";
			sourceTree = "<group>";
		};
		FFBB7AC61822705300EB5AF2 /* Models */ = {
			isa = PBXGroup;
			children = (
				FFBB7AC71822705300EB5AF2 /* Course.h */,
				FFBB7AC81822705300EB5AF2 /* Course.m */,
			);
			path = Models;
			sourceTree = "<group>";
		};
/* End PBXGroup section */

/* Begin PBXNativeTarget section */
		FFBB7A8A182266BF00EB5AF2 /* CoursesManager */ = {
			isa = PBXNativeTarget;
			buildConfigurationList = FFBB7ABD182266C000EB5AF2 /* Build configuration list for PBXNativeTarget "CoursesManager" */;
			buildPhases = (
				FFBB7A87182266BF00EB5AF2 /* Sources */,
				FFBB7A88182266BF00EB5AF2 /* Frameworks */,
				FFBB7A89182266BF00EB5AF2 /* Resources */,
			);
			buildRules = (
			);
			dependencies = (
			);
			name = CoursesManager;
			productName = CoursesManager;
			productReference = FFBB7A8B182266BF00EB5AF2 /* CoursesManager.app */;
			productType = "com.apple.product-type.application";
		};
		FFBB7AAA182266C000EB5AF2 /* CoursesManagerTests */ = {
			isa = PBXNativeTarget;
			buildConfigurationList = FFBB7AC0182266C000EB5AF2 /* Build configuration list for PBXNativeTarget "CoursesManagerTests" */;
			buildPhases = (
				FFBB7AA7182266C000EB5AF2 /* Sources */,
				FFBB7AA8182266C000EB5AF2 /* Frameworks */,
				FFBB7AA9182266C000EB5AF2 /* Resources */,
			);
			buildRules = (
			);
			dependencies = (
				FFBB7AB2182266C000EB5AF2 /* PBXTargetDependency */,
			);
			name = CoursesManagerTests;
			productName = CoursesManagerTests;
			productReference = FFBB7AAB182266C000EB5AF2 /* CoursesManagerTests.xctest */;
			productType = "com.apple.product-type.bundle.unit-test";
		};
/* End PBXNativeTarget section */

/* Begin PBXProject section */
		FFBB7A83182266BF00EB5AF2 /* Project object */ = {
			isa = PBXProject;
			attributes = {
				LastUpgradeCheck = 0500;
				ORGANIZATIONNAME = "Georgi Ivanov";
				TargetAttributes = {
					FFBB7AAA182266C000EB5AF2 = {
						TestTargetID = FFBB7A8A182266BF00EB5AF2;
					};
				};
			};
			buildConfigurationList = FFBB7A86182266BF00EB5AF2 /* Build configuration list for PBXProject "CoursesManager" */;
			compatibilityVersion = "Xcode 3.2";
			developmentRegion = English;
			hasScannedForEncodings = 0;
			knownRegions = (
				en,
			);
			mainGroup = FFBB7A82182266BE00EB5AF2;
			productRefGroup = FFBB7A8C182266BF00EB5AF2 /* Products */;
			projectDirPath = "";
			projectRoot = "";
			targets = (
				FFBB7A8A182266BF00EB5AF2 /* CoursesManager */,
				FFBB7AAA182266C000EB5AF2 /* CoursesManagerTests */,
			);
		};
/* End PBXProject section */

/* Begin PBXResourcesBuildPhase section */
		FFBB7A89182266BF00EB5AF2 /* Resources */ = {
			isa = PBXResourcesBuildPhase;
			buildActionMask = 2147483647;
			files = (
				FFBB7ACB1822708E00EB5AF2 /* MainStoryBoard.storyboard in Resources */,
				FFBB7A9B182266BF00EB5AF2 /* InfoPlist.strings in Resources */,
				FFBB7AA6182266C000EB5AF2 /* Images.xcassets in Resources */,
			);
			runOnlyForDeploymentPostprocessing = 0;
		};
		FFBB7AA9182266C000EB5AF2 /* Resources */ = {
			isa = PBXResourcesBuildPhase;
			buildActionMask = 2147483647;
			files = (
				FFBB7AB8182266C000EB5AF2 /* InfoPlist.strings in Resources */,
			);
			runOnlyForDeploymentPostprocessing = 0;
		};
/* End PBXResourcesBuildPhase section */

/* Begin PBXSourcesBuildPhase section */
		FFBB7A87182266BF00EB5AF2 /* Sources */ = {
			isa = PBXSourcesBuildPhase;
			buildActionMask = 2147483647;
			files = (
				FFBB7AA4182266BF00EB5AF2 /* CoursesManager.xcdatamodeld in Sources */,
				FFBB7ACE1822768B00EB5AF2 /* CoursesTableViewController.m in Sources */,
				FFBB7AA1182266BF00EB5AF2 /* AppDelegate.m in Sources */,
				FFBF06821822A0B50095F797 /* DisplayEditViewController.m in Sources */,
				FFBF067C1822909B0095F797 /* AddCourseViewController.m in Sources */,
				FFBB7A9D182266BF00EB5AF2 /* main.m in Sources */,
				FFBB7AC91822705300EB5AF2 /* Course.m in Sources */,
			);
			runOnlyForDeploymentPostprocessing = 0;
		};
		FFBB7AA7182266C000EB5AF2 /* Sources */ = {
			isa = PBXSourcesBuildPhase;
			buildActionMask = 2147483647;
			files = (
				FFBB7ABA182266C000EB5AF2 /* CoursesManagerTests.m in Sources */,
			);
			runOnlyForDeploymentPostprocessing = 0;
		};
/* End PBXSourcesBuildPhase section */

/* Begin PBXTargetDependency section */
		FFBB7AB2182266C000EB5AF2 /* PBXTargetDependency */ = {
			isa = PBXTargetDependency;
			target = FFBB7A8A182266BF00EB5AF2 /* CoursesManager */;
			targetProxy = FFBB7AB1182266C000EB5AF2 /* PBXContainerItemProxy */;
		};
/* End PBXTargetDependency section */

/* Begin PBXVariantGroup section */
		FFBB7A99182266BF00EB5AF2 /* InfoPlist.strings */ = {
			isa = PBXVariantGroup;
			children = (
				FFBB7A9A182266BF00EB5AF2 /* en */,
			);
			name = InfoPlist.strings;
			sourceTree = "<group>";
		};
		FFBB7AB6182266C000EB5AF2 /* InfoPlist.strings */ = {
			isa = PBXVariantGroup;
			children = (
				FFBB7AB7182266C000EB5AF2 /* en */,
			);
			name = InfoPlist.strings;
			sourceTree = "<group>";
		};
/* End PBXVariantGroup section */

/* Begin XCBuildConfiguration section */
		FFBB7ABB182266C000EB5AF2 /* Debug */ = {
			isa = XCBuildConfiguration;
			buildSettings = {
				ALWAYS_SEARCH_USER_PATHS = NO;
				ARCHS = "$(ARCHS_STANDARD_INCLUDING_64_BIT)";
				CLANG_CXX_LANGUAGE_STANDARD = "gnu++0x";
				CLANG_CXX_LIBRARY = "libc++";
				CLANG_ENABLE_MODULES = YES;
				CLANG_ENABLE_OBJC_ARC = YES;
				CLANG_WARN_BOOL_CONVERSION = YES;
				CLANG_WARN_CONSTANT_CONVERSION = YES;
				CLANG_WARN_DIRECT_OBJC_ISA_USAGE = YES_ERROR;
				CLANG_WARN_EMPTY_BODY = YES;
				CLANG_WARN_ENUM_CONVERSION = YES;
				CLANG_WARN_INT_CONVERSION = YES;
				CLANG_WARN_OBJC_ROOT_CLASS = YES_ERROR;
				CLANG_WARN__DUPLICATE_METHOD_MATCH = YES;
				"CODE_SIGN_IDENTITY[sdk=iphoneos*]" = "iPhone Developer";
				COPY_PHASE_STRIP = NO;
				GCC_C_LANGUAGE_STANDARD = gnu99;
				GCC_DYNAMIC_NO_PIC = NO;
				GCC_OPTIMIZATION_LEVEL = 0;
				GCC_PREPROCESSOR_DEFINITIONS = (
					"DEBUG=1",
					"$(inherited)",
				);
				GCC_SYMBOLS_PRIVATE_EXTERN = NO;
				GCC_WARN_64_TO_32_BIT_CONVERSION = YES;
				GCC_WARN_ABOUT_RETURN_TYPE = YES_ERROR;
				GCC_WARN_UNDECLARED_SELECTOR = YES;
				GCC_WARN_UNINITIALIZED_AUTOS = YES;
				GCC_WARN_UNUSED_FUNCTION = YES;
				GCC_WARN_UNUSED_VARIABLE = YES;
				IPHONEOS_DEPLOYMENT_TARGET = 7.0;
				ONLY_ACTIVE_ARCH = YES;
				SDKROOT = iphoneos;
			};
			name = Debug;
		};
		FFBB7ABC182266C000EB5AF2 /* Release */ = {
			isa = XCBuildConfiguration;
			buildSettings = {
				ALWAYS_SEARCH_USER_PATHS = NO;
				ARCHS = "$(ARCHS_STANDARD_INCLUDING_64_BIT)";
				CLANG_CXX_LANGUAGE_STANDARD = "gnu++0x";
				CLANG_CXX_LIBRARY = "libc++";
				CLANG_ENABLE_MODULES = YES;
				CLANG_ENABLE_OBJC_ARC = YES;
				CLANG_WARN_BOOL_CONVERSION = YES;
				CLANG_WARN_CONSTANT_CONVERSION = YES;
				CLANG_WARN_DIRECT_OBJC_ISA_USAGE = YES_ERROR;
				CLANG_WARN_EMPTY_BODY = YES;
				CLANG_WARN_ENUM_CONVERSION = YES;
				CLANG_WARN_INT_CONVERSION = YES;
				CLANG_WARN_OBJC_ROOT_CLASS = YES_ERROR;
				CLANG_WARN__DUPLICATE_METHOD_MATCH = YES;
				"CODE_SIGN_IDENTITY[sdk=iphoneos*]" = "iPhone Developer";
				COPY_PHASE_STRIP = YES;
				ENABLE_NS_ASSERTIONS = NO;
				GCC_C_LANGUAGE_STANDARD = gnu99;
				GCC_WARN_64_TO_32_BIT_CONVERSION = YES;
				GCC_WARN_ABOUT_RETURN_TYPE = YES_ERROR;
				GCC_WARN_UNDECLARED_SELECTOR = YES;
				GCC_WARN_UNINITIALIZED_AUTOS = YES;
				GCC_WARN_UNUSED_FUNCTION = YES;
				GCC_WARN_UNUSED_VARIABLE = YES;
				IPHONEOS_DEPLOYMENT_TARGET = 7.0;
				SDKROOT = iphoneos;
				VALIDATE_PRODUCT = YES;
			};
			name = Release;
		};
		FFBB7ABE182266C000EB5AF2 /* Debug */ = {
			isa = XCBuildConfiguration;
			buildSettings = {
				ASSETCATALOG_COMPILER_APPICON_NAME = AppIcon;
				ASSETCATALOG_COMPILER_LAUNCHIMAGE_NAME = LaunchImage;
				GCC_PRECOMPILE_PREFIX_HEADER = YES;
				GCC_PREFIX_HEADER = "CoursesManager/CoursesManager-Prefix.pch";
				INFOPLIST_FILE = "CoursesManager/CoursesManager-Info.plist";
				PRODUCT_NAME = "$(TARGET_NAME)";
				WRAPPER_EXTENSION = app;
			};
			name = Debug;
		};
		FFBB7ABF182266C000EB5AF2 /* Release */ = {
			isa = XCBuildConfiguration;
			buildSettings = {
				ASSETCATALOG_COMPILER_APPICON_NAME = AppIcon;
				ASSETCATALOG_COMPILER_LAUNCHIMAGE_NAME = LaunchImage;
				GCC_PRECOMPILE_PREFIX_HEADER = YES;
				GCC_PREFIX_HEADER = "CoursesManager/CoursesManager-Prefix.pch";
				INFOPLIST_FILE = "CoursesManager/CoursesManager-Info.plist";
				PRODUCT_NAME = "$(TARGET_NAME)";
				WRAPPER_EXTENSION = app;
			};
			name = Release;
		};
		FFBB7AC1182266C000EB5AF2 /* Debug */ = {
			isa = XCBuildConfiguration;
			buildSettings = {
				ARCHS = "$(ARCHS_STANDARD_INCLUDING_64_BIT)";
				BUNDLE_LOADER = "$(BUILT_PRODUCTS_DIR)/CoursesManager.app/CoursesManager";
				FRAMEWORK_SEARCH_PATHS = (
					"$(SDKROOT)/Developer/Library/Frameworks",
					"$(inherited)",
					"$(DEVELOPER_FRAMEWORKS_DIR)",
				);
				GCC_PRECOMPILE_PREFIX_HEADER = YES;
				GCC_PREFIX_HEADER = "CoursesManager/CoursesManager-Prefix.pch";
				GCC_PREPROCESSOR_DEFINITIONS = (
					"DEBUG=1",
					"$(inherited)",
				);
				INFOPLIST_FILE = "CoursesManagerTests/CoursesManagerTests-Info.plist";
				PRODUCT_NAME = "$(TARGET_NAME)";
				TEST_HOST = "$(BUNDLE_LOADER)";
				WRAPPER_EXTENSION = xctest;
			};
			name = Debug;
		};
		FFBB7AC2182266C000EB5AF2 /* Release */ = {
			isa = XCBuildConfiguration;
			buildSettings = {
				ARCHS = "$(ARCHS_STANDARD_INCLUDING_64_BIT)";
				BUNDLE_LOADER = "$(BUILT_PRODUCTS_DIR)/CoursesManager.app/CoursesManager";
				FRAMEWORK_SEARCH_PATHS = (
					"$(SDKROOT)/Developer/Library/Frameworks",
					"$(inherited)",
					"$(DEVELOPER_FRAMEWORKS_DIR)",
				);
				GCC_PRECOMPILE_PREFIX_HEADER = YES;
				GCC_PREFIX_HEADER = "CoursesManager/CoursesManager-Prefix.pch";
				INFOPLIST_FILE = "CoursesManagerTests/CoursesManagerTests-Info.plist";
				PRODUCT_NAME = "$(TARGET_NAME)";
				TEST_HOST = "$(BUNDLE_LOADER)";
				WRAPPER_EXTENSION = xctest;
			};
			name = Release;
		};
/* End XCBuildConfiguration section */

/* Begin XCConfigurationList section */
		FFBB7A86182266BF00EB5AF2 /* Build configuration list for PBXProject "CoursesManager" */ = {
			isa = XCConfigurationList;
			buildConfigurations = (
				FFBB7ABB182266C000EB5AF2 /* Debug */,
				FFBB7ABC182266C000EB5AF2 /* Release */,
			);
			defaultConfigurationIsVisible = 0;
			defaultConfigurationName = Release;
		};
		FFBB7ABD182266C000EB5AF2 /* Build configuration list for PBXNativeTarget "CoursesManager" */ = {
			isa = XCConfigurationList;
			buildConfigurations = (
				FFBB7ABE182266C000EB5AF2 /* Debug */,
				FFBB7ABF182266C000EB5AF2 /* Release */,
			);
			defaultConfigurationIsVisible = 0;
			defaultConfigurationName = Release;
		};
		FFBB7AC0182266C000EB5AF2 /* Build configuration list for PBXNativeTarget "CoursesManagerTests" */ = {
			isa = XCConfigurationList;
			buildConfigurations = (
				FFBB7AC1182266C000EB5AF2 /* Debug */,
				FFBB7AC2182266C000EB5AF2 /* Release */,
			);
			defaultConfigurationIsVisible = 0;
			defaultConfigurationName = Release;
		};
/* End XCConfigurationList section */

/* Begin XCVersionGroup section */
		FFBB7AA2182266BF00EB5AF2 /* CoursesManager.xcdatamodeld */ = {
			isa = XCVersionGroup;
			children = (
				FFBB7AA3182266BF00EB5AF2 /* CoursesManager.xcdatamodel */,
			);
			currentVersion = FFBB7AA3182266BF00EB5AF2 /* CoursesManager.xcdatamodel */;
			path = CoursesManager.xcdatamodeld;
			sourceTree = "<group>";
			versionGroupType = wrapper.xcdatamodel;
		};
/* End XCVersionGroup section */
	};
	rootObject = FFBB7A83182266BF00EB5AF2 /* Project object */;
}
